
Microsoft Visual Studio Solution File, Format Version 12.00
# Visual Studio Version 16
VisualStudioVersion = 16.0.31402.337
MinimumVisualStudioVersion = 10.0.40219.1
Project("{8BC9CEB8-8B4A-11D0-8D11-00A0C91BC942}") = "c_0321_1", "c_0321_1\c_0321_1.vcxproj", "{DA643A61-E899-498E-A56A-5DB3E1E77991}"
EndProject
Global
	GlobalSection(SolutionConfigurationPlatforms) = preSolution
		Debug|x64 = Debug|x64
		Debug|x86 = Debug|x86
		Release|x64 = Release|x64
		Release|x86 = Release|x86
	EndGlobalSection
	GlobalSection(ProjectConfigurationPlatforms) = postSolution
		{DA643A61-E899-498E-A56A-5DB3E1E77991}.Debug|x64.ActiveCfg = Debug|x64
		{DA643A61-E899-498E-A56A-5DB3E1E77991}.Debug|x64.Build.0 = Debug|x64
		{DA643A61-E899-498E-A56A-5DB3E1E77991}.Debug|x86.ActiveCfg = Debug|Win32
		{DA643A61-E899-498E-A56A-5DB3E1E77991}.Debug|x86.Build.0 = Debug|Win32
		{DA643A61-E899-498E-A56A-5DB3E1E77991}.Release|x64.ActiveCfg = Release|x64
		{DA643A61-E899-498E-A56A-5DB3E1E77991}.Release|x64.Build.0 = Release|x64
		{DA643A61-E899-498E-A56A-5DB3E1E77991}.Release|x86.ActiveCfg = Release|Win32
		{DA643A61-E899-498E-A56A-5DB3E1E77991}.Release|x86.Build.0 = Release|Win32
	EndGlobalSection
	GlobalSection(SolutionProperties) = preSolution
		HideSolutionNode = FALSE
	EndGlobalSection
	GlobalSection(ExtensibilityGlobals) = postSolution
		SolutionGuid = {AB0B4412-8ECE-45E5-B579-0ED80477D50E}
	EndGlobalSection
EndGlobal
